PODS:
  - FlutterMacOS (1.0.0)
  - FMDB (2.7.5):
    - FMDB/standard (= 2.7.5)
  - FMDB/standard (2.7.5)
  - path_provider_macos (0.0.1):
    - FlutterMacOS
  - shared_preferences_macos (0.0.1):
    - FlutterMacOS
  - sqflite (0.0.1):
    - FlutterMacOS
    - FMDB (~> 2.7.2)
  - sqlite3 (3.35.5):
    - sqlite3/common (= 3.35.5)
  - sqlite3/common (3.35.5)
  - sqlite3/fts5 (3.35.5):
    - sqlite3/common
  - sqlite3/json1 (3.35.5):
    - sqlite3/common
  - sqlite3/perf-threadsafe (3.35.5):
    - sqlite3/common
  - sqlite3/rtree (3.35.5):
    - sqlite3/common
  - sqlite3_flutter_libs (0.0.1):
    - FlutterMacOS
    - sqlite3 (~> 3.35.4)
    - sqlite3/fts5
    - sqlite3/json1
    - sqlite3/perf-threadsafe
    - sqlite3/rtree

DEPENDENCIES:
  - FlutterMacOS (from `Flutter/ephemeral`)
  - path_provider_macos (from `Flutter/ephemeral/.symlinks/plugins/path_provider_macos/macos`)
  - shared_preferences_macos (from `Flutter/ephemeral/.symlinks/plugins/shared_preferences_macos/macos`)
  - sqflite (from `Flutter/ephemeral/.symlinks/plugins/sqflite/macos`)
  - sqlite3_flutter_libs (from `Flutter/ephemeral/.symlinks/plugins/sqlite3_flutter_libs/macos`)

SPEC REPOS:
  trunk:
    - FMDB
    - sqlite3

EXTERNAL SOURCES:
  FlutterMacOS:
    :path: Flutter/ephemeral
  path_provider_macos:
    :path: Flutter/ephemeral/.symlinks/plugins/path_provider_macos/macos
  shared_preferences_macos:
    :path: Flutter/ephemeral/.symlinks/plugins/shared_preferences_macos/macos
  sqflite:
    :path: Flutter/ephemeral/.symlinks/plugins/sqflite/macos
  sqlite3_flutter_libs:
    :path: Flutter/ephemeral/.symlinks/plugins/sqlite3_flutter_libs/macos

SPEC CHECKSUMS:
  FlutterMacOS: 57701585bf7de1b3fc2bb61f6378d73bbdea8424
  FMDB: 2ce00b547f966261cd18927a3ddb07cb6f3db82a
  path_provider_macos: 160cab0d5461f0c0e02995469a98f24bdb9a3f1f
  shared_preferences_macos: 480ce071d0666e37cef23fe6c702293a3d21799e
  sqflite: 6c1f07e1d4399d619ea619fea9171251dd24d058
  sqlite3: 75da32fd4e3574f6c38566a9f0114cfe792c8db5
  sqlite3_flutter_libs: b8781af39b939e25ca76000127ed83312b974f08

PODFILE CHECKSUM: 6eac6b3292e5142cfc23bdeb71848a40ec51c14c

COCOAPODS: 1.10.1
